# THIS IS AN AUTOGENERATED FILE. DO NOT EDIT THIS FILE DIRECTLY.
# yarn lockfile v1


domkit@0.0.1:
  version "0.0.1"
  resolved "https://registry.yarnpkg.com/domkit/-/domkit-0.0.1.tgz#88399d586794efc1154fec6c22cfe50f19bd4dbb"

halogen@^0.2.0:
  version "0.2.0"
  resolved "https://registry.yarnpkg.com/halogen/-/halogen-0.2.0.tgz#1c65a99a9352e6bf02f41beb7081852fce7e7473"
  dependencies:
    domkit "0.0.1"
